
Microsoft Visual Studio Solution File, Format Version 12.00
# Visual Studio Version 17
VisualStudioVersion = 17.3.32929.385
MinimumVisualStudioVersion = 10.0.40219.1
Project("{F184B08F-C81C-45F6-A57F-5ABD9991F28F}") = "WindowsAppNET", "WindowsAppNET\WindowsAppNET.vbproj", "{C3B3F29B-C08A-47E6-B0F9-90D38F29CFD4}"
EndProject
Global
	GlobalSection(SolutionConfigurationPlatforms) = preSolution
		Debug|Any CPU = Debug|Any CPU
		Release|Any CPU = Release|Any CPU
	EndGlobalSection
	GlobalSection(ProjectConfigurationPlatforms) = postSolution
		{C3B3F29B-C08A-47E6-B0F9-90D38F29CFD4}.Debug|Any CPU.ActiveCfg = Debug|Any CPU
		{C3B3F29B-C08A-47E6-B0F9-90D38F29CFD4}.Debug|Any CPU.Build.0 = Debug|Any CPU
		{C3B3F29B-C08A-47E6-B0F9-90D38F29CFD4}.Release|Any CPU.ActiveCfg = Release|Any CPU
		{C3B3F29B-C08A-47E6-B0F9-90D38F29CFD4}.Release|Any CPU.Build.0 = Release|Any CPU
	EndGlobalSection
	GlobalSection(SolutionProperties) = preSolution
		HideSolutionNode = FALSE
	EndGlobalSection
	GlobalSection(ExtensibilityGlobals) = postSolution
		SolutionGuid = {B10DC5F5-B658-4F6D-BB7E-D89FCA394A23}
	EndGlobalSection
EndGlobal
